{
  "name": "frontend",
  "lockfileVersion": 3,
  "requires": true,
  "packages": {
    "": {
      "dependencies": {
        "vue-animejs": "^2.1.1"
      }
    },
    "node_modules/animejs": {
      "version": "3.2.2",
      "resolved": "https://registry.npmjs.org/animejs/-/animejs-3.2.2.tgz",
      "integrity": "sha512-Ao95qWLpDPXXM+WrmwcKbl6uNlC5tjnowlaRYtuVDHHoygjtIPfDUoK9NthrlZsQSKjZXlmji2TrBUAVbiH0LQ==",
      "license": "MIT"
    },
    "node_modules/vue-animejs": {
      "version": "2.1.1",
      "resolved": "https://registry.npmjs.org/vue-animejs/-/vue-animejs-2.1.1.tgz",
      "integrity": "sha512-m+PTCXuCprvLVntQmpVo0StewYb0P0SKxaHBCOWm44ShjCN+IZMJrJfhZFSwaIRv34eG1boH3UqzH45speXirA==",
      "license": "MIT",
      "dependencies": {
        "animejs": "~3"
      }
    }
  }
}
